
Microsoft Visual Studio Solution File, Format Version 12.00
# Visual Studio Version 17
VisualStudioVersion = 17.2.32616.157
MinimumVisualStudioVersion = 10.0.40219.1
Project("{8BC9CEB8-8B4A-11D0-8D11-00A0C91BC942}") = "CoolRun", "CoolRun\CoolRun.vcxproj", "{88BB3116-52A4-41D3-A36B-F3F9B763D0B9}"
EndProject
Project("{54435603-DBB4-11D2-8724-00A0C9A8B90C}") = "CoolRun-setup", "CoolRun-setup\CoolRun-setup.vdproj", "{0E63F9F1-1CAB-49F1-9E55-5D4A174DA7D3}"
EndProject
Global
	GlobalSection(SolutionConfigurationPlatforms) = preSolution
		Debug|x64 = Debug|x64
		Debug|x86 = Debug|x86
		Release|x64 = Release|x64
		Release|x86 = Release|x86
	EndGlobalSection
	GlobalSection(ProjectConfigurationPlatforms) = postSolution
		{88BB3116-52A4-41D3-A36B-F3F9B763D0B9}.Debug|x64.ActiveCfg = Debug|x64
		{88BB3116-52A4-41D3-A36B-F3F9B763D0B9}.Debug|x64.Build.0 = Debug|x64
		{88BB3116-52A4-41D3-A36B-F3F9B763D0B9}.Debug|x86.ActiveCfg = Debug|Win32
		{88BB3116-52A4-41D3-A36B-F3F9B763D0B9}.Debug|x86.Build.0 = Debug|Win32
		{88BB3116-52A4-41D3-A36B-F3F9B763D0B9}.Release|x64.ActiveCfg = Release|x64
		{88BB3116-52A4-41D3-A36B-F3F9B763D0B9}.Release|x64.Build.0 = Release|x64
		{88BB3116-52A4-41D3-A36B-F3F9B763D0B9}.Release|x86.ActiveCfg = Release|Win32
		{88BB3116-52A4-41D3-A36B-F3F9B763D0B9}.Release|x86.Build.0 = Release|Win32
		{0E63F9F1-1CAB-49F1-9E55-5D4A174DA7D3}.Debug|x64.ActiveCfg = Debug
		{0E63F9F1-1CAB-49F1-9E55-5D4A174DA7D3}.Debug|x86.ActiveCfg = Debug
		{0E63F9F1-1CAB-49F1-9E55-5D4A174DA7D3}.Release|x64.ActiveCfg = Release
		{0E63F9F1-1CAB-49F1-9E55-5D4A174DA7D3}.Release|x86.ActiveCfg = Release
	EndGlobalSection
	GlobalSection(SolutionProperties) = preSolution
		HideSolutionNode = FALSE
	EndGlobalSection
	GlobalSection(ExtensibilityGlobals) = postSolution
		SolutionGuid = {14663462-ECC7-4138-B059-C24B961E760B}
	EndGlobalSection
EndGlobal
