<?xml version="1.0" encoding="utf-8"?>
<Project ToolsVersion="4.0" xmlns="http://schemas.microsoft.com/developer/msbuild/2003">
  <ItemGroup>
    <Filter Include="源文件">
      <UniqueIdentifier>{4FC737F1-C7A5-4376-A066-2A32D752A2FF}</UniqueIdentifier>
      <Extensions>cpp;c;cc;cxx;c++;cppm;ixx;def;odl;idl;hpj;bat;asm;asmx</Extensions>
    </Filter>
    <Filter Include="头文件">
      <UniqueIdentifier>{93995380-89BD-4b04-88EB-625FBE52EBFB}</UniqueIdentifier>
      <Extensions>h;hh;hpp;hxx;h++;hm;inl;inc;ipp;xsd</Extensions>
    </Filter>
    <Filter Include="资源文件">
      <UniqueIdentifier>{67DA6AB6-F800-4c08-8B7A-83BB121AAD01}</UniqueIdentifier>
      <Extensions>rc;ico;cur;bmp;dlg;rc2;rct;bin;rgs;gif;jpg;jpeg;jpe;resx;tiff;tif;png;wav;mfcribbon-ms</Extensions>
    </Filter>
    <Filter Include="资源文件\sz">
      <UniqueIdentifier>{25a9f68c-9489-4ae9-9c8e-246b9e11a349}</UniqueIdentifier>
    </Filter>
    <Filter Include="资源文件\bark">
      <UniqueIdentifier>{942256db-eb26-4edb-921d-29237c554d5f}</UniqueIdentifier>
    </Filter>
    <Filter Include="头文件\Module">
      <UniqueIdentifier>{74f57b9b-4488-40a4-a7fe-55171671d08d}</UniqueIdentifier>
    </Filter>
  </ItemGroup>
  <ItemGroup>
    <ClCompile Include="main.cpp">
      <Filter>源文件</Filter>
    </ClCompile>
    <ClCompile Include="tools.cpp">
      <Filter>源文件</Filter>
    </ClCompile>
    <ClCompile Include="obstacles.ixx">
      <Filter>头文件\Module</Filter>
    </ClCompile>
    <ClCompile Include="base.cpp">
      <Filter>源文件</Filter>
    </ClCompile>
  </ItemGroup>
  <ItemGroup>
    <Image Include="res\bark\Background_01-1.png">
      <Filter>资源文件\bark</Filter>
    </Image>
    <Image Include="res\bark\bg.png">
      <Filter>资源文件\bark</Filter>
    </Image>
    <Image Include="res\bark\bg01.png">
      <Filter>资源文件\bark</Filter>
    </Image>
    <Image Include="res\bark\bg02.png">
      <Filter>资源文件\bark</Filter>
    </Image>
    <Image Include="res\bark\bg003.png">
      <Filter>资源文件\bark</Filter>
    </Image>
    <Image Include="res\bark\bg03.png">
      <Filter>资源文件\bark</Filter>
    </Image>
    <Image Include="res\bark\g01.png">
      <Filter>资源文件\bark</Filter>
    </Image>
    <Image Include="res\bark\g02.png">
      <Filter>资源文件\bark</Filter>
    </Image>
    <Image Include="res\bark\g03.png">
      <Filter>资源文件\bark</Filter>
    </Image>
    <Image Include="res\bark\g04.png">
      <Filter>资源文件\bark</Filter>
    </Image>
    <Image Include="res\bark\g05.png">
      <Filter>资源文件\bark</Filter>
    </Image>
    <Image Include="res\bark\g06.png">
      <Filter>资源文件\bark</Filter>
    </Image>
    <Image Include="res\bark\g07.png">
      <Filter>资源文件\bark</Filter>
    </Image>
    <Image Include="res\bark\g08.png">
      <Filter>资源文件\bark</Filter>
    </Image>
    <Image Include="res\bark\g09.png">
      <Filter>资源文件\bark</Filter>
    </Image>
    <Image Include="res\bark\g10.png">
      <Filter>资源文件\bark</Filter>
    </Image>
    <Image Include="res\bark\g11.png">
      <Filter>资源文件\bark</Filter>
    </Image>
    <Image Include="res\bark\g21.png">
      <Filter>资源文件\bark</Filter>
    </Image>
    <Image Include="res\bark\hero1.png">
      <Filter>资源文件\bark</Filter>
    </Image>
    <Image Include="res\bark\hero2.png">
      <Filter>资源文件\bark</Filter>
    </Image>
    <Image Include="res\bark\hero3.png">
      <Filter>资源文件\bark</Filter>
    </Image>
    <Image Include="res\bark\hero4.png">
      <Filter>资源文件\bark</Filter>
    </Image>
    <Image Include="res\bark\hero5.png">
      <Filter>资源文件\bark</Filter>
    </Image>
    <Image Include="res\bark\hero6.png">
      <Filter>资源文件\bark</Filter>
    </Image>
    <Image Include="res\bark\hero7.png">
      <Filter>资源文件\bark</Filter>
    </Image>
    <Image Include="res\bark\hero8.png">
      <Filter>资源文件\bark</Filter>
    </Image>
    <Image Include="res\bark\hero9.png">
      <Filter>资源文件\bark</Filter>
    </Image>
    <Image Include="res\bark\hero10.png">
      <Filter>资源文件\bark</Filter>
    </Image>
    <Image Include="res\bark\hero11.png">
      <Filter>资源文件\bark</Filter>
    </Image>
    <Image Include="res\bark\hero12.png">
      <Filter>资源文件\bark</Filter>
    </Image>
    <Image Include="res\sz\0.png">
      <Filter>资源文件\sz</Filter>
    </Image>
    <Image Include="res\sz\1.png">
      <Filter>资源文件\sz</Filter>
    </Image>
    <Image Include="res\sz\2.png">
      <Filter>资源文件\sz</Filter>
    </Image>
    <Image Include="res\sz\3.png">
      <Filter>资源文件\sz</Filter>
    </Image>
    <Image Include="res\sz\4.png">
      <Filter>资源文件\sz</Filter>
    </Image>
    <Image Include="res\sz\5.png">
      <Filter>资源文件\sz</Filter>
    </Image>
    <Image Include="res\sz\6.png">
      <Filter>资源文件\sz</Filter>
    </Image>
    <Image Include="res\sz\7.png">
      <Filter>资源文件\sz</Filter>
    </Image>
    <Image Include="res\sz\8.png">
      <Filter>资源文件\sz</Filter>
    </Image>
    <Image Include="res\sz\9.png">
      <Filter>资源文件\sz</Filter>
    </Image>
    <Image Include="res\bg002.png">
      <Filter>资源文件</Filter>
    </Image>
    <Image Include="res\bg003.png">
      <Filter>资源文件</Filter>
    </Image>
    <Image Include="res\d1.png">
      <Filter>资源文件</Filter>
    </Image>
    <Image Include="res\d2.png">
      <Filter>资源文件</Filter>
    </Image>
    <Image Include="res\g21.png">
      <Filter>资源文件</Filter>
    </Image>
    <Image Include="res\h1.png">
      <Filter>资源文件</Filter>
    </Image>
    <Image Include="res\h2.png">
      <Filter>资源文件</Filter>
    </Image>
    <Image Include="res\h3.png">
      <Filter>资源文件</Filter>
    </Image>
    <Image Include="res\h4.png">
      <Filter>资源文件</Filter>
    </Image>
    <Image Include="res\hero1.png">
      <Filter>资源文件</Filter>
    </Image>
    <Image Include="res\hero2.png">
      <Filter>资源文件</Filter>
    </Image>
    <Image Include="res\hero3.png">
      <Filter>资源文件</Filter>
    </Image>
    <Image Include="res\hero4.png">
      <Filter>资源文件</Filter>
    </Image>
    <Image Include="res\hero5.png">
      <Filter>资源文件</Filter>
    </Image>
    <Image Include="res\hero6.png">
      <Filter>资源文件</Filter>
    </Image>
    <Image Include="res\hero7.png">
      <Filter>资源文件</Filter>
    </Image>
    <Image Include="res\hero8.png">
      <Filter>资源文件</Filter>
    </Image>
    <Image Include="res\hero9.png">
      <Filter>资源文件</Filter>
    </Image>
    <Image Include="res\hero10.png">
      <Filter>资源文件</Filter>
    </Image>
    <Image Include="res\hero11.png">
      <Filter>资源文件</Filter>
    </Image>
    <Image Include="res\hero12.png">
      <Filter>资源文件</Filter>
    </Image>
    <Image Include="res\Item_02_New.png">
      <Filter>资源文件</Filter>
    </Image>
    <Image Include="res\Item_05_New.png">
      <Filter>资源文件</Filter>
    </Image>
    <Image Include="res\over.png">
      <Filter>资源文件</Filter>
    </Image>
    <Image Include="res\p1.png">
      <Filter>资源文件</Filter>
    </Image>
    <Image Include="res\p2.png">
      <Filter>资源文件</Filter>
    </Image>
    <Image Include="res\p3.png">
      <Filter>资源文件</Filter>
    </Image>
    <Image Include="res\p4.png">
      <Filter>资源文件</Filter>
    </Image>
    <Image Include="res\p5.png">
      <Filter>资源文件</Filter>
    </Image>
    <Image Include="res\p6.png">
      <Filter>资源文件</Filter>
    </Image>
    <Image Include="res\pet_17.BIG.png">
      <Filter>资源文件</Filter>
    </Image>
    <Image Include="res\PVE_tortoise.00013 - 副本.png">
      <Filter>资源文件</Filter>
    </Image>
    <Image Include="res\PVE_tortoise.00013.png">
      <Filter>资源文件</Filter>
    </Image>
    <Image Include="res\t1.png">
      <Filter>资源文件</Filter>
    </Image>
    <Image Include="res\t2.png">
      <Filter>资源文件</Filter>
    </Image>
    <Image Include="res\t3.png">
      <Filter>资源文件</Filter>
    </Image>
    <Image Include="res\t4.png">
      <Filter>资源文件</Filter>
    </Image>
    <Image Include="res\t5.png">
      <Filter>资源文件</Filter>
    </Image>
    <Image Include="res\t6.png">
      <Filter>资源文件</Filter>
    </Image>
    <Image Include="res\t7.png">
      <Filter>资源文件</Filter>
    </Image>
    <Image Include="res\ttkp.00100 - 副本.png">
      <Filter>资源文件</Filter>
    </Image>
    <Image Include="res\ttkp.00100.png">
      <Filter>资源文件</Filter>
    </Image>
    <Image Include="res\《跑酷游戏》游戏素材-草过渡(transition)_爱给网_aigei_com (1).png">
      <Filter>资源文件</Filter>
    </Image>
    <Image Include="res\bg001.png">
      <Filter>资源文件</Filter>
    </Image>
  </ItemGroup>
  <ItemGroup>
    <Media Include="res\bark\hit.mp3">
      <Filter>资源文件\bark</Filter>
    </Media>
    <Media Include="res\hit.mp3">
      <Filter>资源文件</Filter>
    </Media>
    <Media Include="res\bg.mp3">
      <Filter>资源文件</Filter>
    </Media>
  </ItemGroup>
  <ItemGroup>
    <ClInclude Include="tools.h">
      <Filter>头文件</Filter>
    </ClInclude>
    <ClInclude Include="base.h">
      <Filter>头文件</Filter>
    </ClInclude>
  </ItemGroup>
</Project>